
Microsoft Visual Studio Solution File, Format Version 12.00
# Visual Studio 14
VisualStudioVersion = 14.0.23107.0
MinimumVisualStudioVersion = 10.0.40219.1
Project("{FAE04EC0-301F-11D3-BF4B-00C04F79EFBC}") = "OfficeApp1", "OfficeApp1\OfficeApp1.csproj", "{5591AA34-87D4-4346-BCF0-A0F5F998516D}"
EndProject
Project("{FAE04EC0-301F-11D3-BF4B-00C04F79EFBC}") = "OfficeApp1Web", "OfficeApp1Web\OfficeApp1Web.csproj", "{B80D56FB-602A-4804-BA46-912F0E935716}"
EndProject
Global
	GlobalSection(SolutionConfigurationPlatforms) = preSolution
		Debug|Any CPU = Debug|Any CPU
		Release|Any CPU = Release|Any CPU
	EndGlobalSection
	GlobalSection(ProjectConfigurationPlatforms) = postSolution
		{5591AA34-87D4-4346-BCF0-A0F5F998516D}.Debug|Any CPU.ActiveCfg = Debug|Any CPU
		{5591AA34-87D4-4346-BCF0-A0F5F998516D}.Debug|Any CPU.Build.0 = Debug|Any CPU
		{5591AA34-87D4-4346-BCF0-A0F5F998516D}.Debug|Any CPU.Deploy.0 = Debug|Any CPU
		{5591AA34-87D4-4346-BCF0-A0F5F998516D}.Release|Any CPU.ActiveCfg = Release|Any CPU
		{5591AA34-87D4-4346-BCF0-A0F5F998516D}.Release|Any CPU.Build.0 = Release|Any CPU
		{5591AA34-87D4-4346-BCF0-A0F5F998516D}.Release|Any CPU.Deploy.0 = Release|Any CPU
		{B80D56FB-602A-4804-BA46-912F0E935716}.Debug|Any CPU.ActiveCfg = Debug|Any CPU
		{B80D56FB-602A-4804-BA46-912F0E935716}.Debug|Any CPU.Build.0 = Debug|Any CPU
		{B80D56FB-602A-4804-BA46-912F0E935716}.Release|Any CPU.ActiveCfg = Release|Any CPU
		{B80D56FB-602A-4804-BA46-912F0E935716}.Release|Any CPU.Build.0 = Release|Any CPU
	EndGlobalSection
	GlobalSection(SolutionProperties) = preSolution
		HideSolutionNode = FALSE
	EndGlobalSection
EndGlobal
